
Microsoft Visual Studio Solution File, Format Version 12.00
# Visual Studio Version 17
VisualStudioVersion = 17.10.35027.167
MinimumVisualStudioVersion = 10.0.40219.1
Project("{FAE04EC0-301F-11D3-BF4B-00C04F79EFBC}") = "Assignment3.2.1", "Assignment3.2.1\Assignment3.2.1.csproj", "{799EBD85-1143-4686-BA09-BD702782439E}"
EndProject
Project("{FAE04EC0-301F-11D3-BF4B-00C04F79EFBC}") = "Assignment3.2.2", "Assignment3.2.2\Assignment3.2.2.csproj", "{74634486-D421-41D7-8500-6AFBDC727CB0}"
EndProject
Project("{FAE04EC0-301F-11D3-BF4B-00C04F79EFBC}") = "Assignment3.2.3", "Assignment3.2.3\Assignment3.2.3.csproj", "{D09312C2-4D44-4FE3-9E8A-C1D7DF37664A}"
EndProject
Project("{FAE04EC0-301F-11D3-BF4B-00C04F79EFBC}") = "Assignment3.2.4", "Assignment3.2.4\Assignment3.2.4.csproj", "{1A49D56F-FF7F-415D-948F-7889A38D787E}"
EndProject
Project("{FAE04EC0-301F-11D3-BF4B-00C04F79EFBC}") = "Assignment3.2.5", "Assignment3.2.5\Assignment3.2.5.csproj", "{0E44F718-61B9-493E-BF5D-1E038AA83A68}"
EndProject
Global
	GlobalSection(SolutionConfigurationPlatforms) = preSolution
		Debug|Any CPU = Debug|Any CPU
		Release|Any CPU = Release|Any CPU
	EndGlobalSection
	GlobalSection(ProjectConfigurationPlatforms) = postSolution
		{799EBD85-1143-4686-BA09-BD702782439E}.Debug|Any CPU.ActiveCfg = Debug|Any CPU
		{799EBD85-1143-4686-BA09-BD702782439E}.Debug|Any CPU.Build.0 = Debug|Any CPU
		{799EBD85-1143-4686-BA09-BD702782439E}.Release|Any CPU.ActiveCfg = Release|Any CPU
		{799EBD85-1143-4686-BA09-BD702782439E}.Release|Any CPU.Build.0 = Release|Any CPU
		{74634486-D421-41D7-8500-6AFBDC727CB0}.Debug|Any CPU.ActiveCfg = Debug|Any CPU
		{74634486-D421-41D7-8500-6AFBDC727CB0}.Debug|Any CPU.Build.0 = Debug|Any CPU
		{74634486-D421-41D7-8500-6AFBDC727CB0}.Release|Any CPU.ActiveCfg = Release|Any CPU
		{74634486-D421-41D7-8500-6AFBDC727CB0}.Release|Any CPU.Build.0 = Release|Any CPU
		{D09312C2-4D44-4FE3-9E8A-C1D7DF37664A}.Debug|Any CPU.ActiveCfg = Debug|Any CPU
		{D09312C2-4D44-4FE3-9E8A-C1D7DF37664A}.Debug|Any CPU.Build.0 = Debug|Any CPU
		{D09312C2-4D44-4FE3-9E8A-C1D7DF37664A}.Release|Any CPU.ActiveCfg = Release|Any CPU
		{D09312C2-4D44-4FE3-9E8A-C1D7DF37664A}.Release|Any CPU.Build.0 = Release|Any CPU
		{1A49D56F-FF7F-415D-948F-7889A38D787E}.Debug|Any CPU.ActiveCfg = Debug|Any CPU
		{1A49D56F-FF7F-415D-948F-7889A38D787E}.Debug|Any CPU.Build.0 = Debug|Any CPU
		{1A49D56F-FF7F-415D-948F-7889A38D787E}.Release|Any CPU.ActiveCfg = Release|Any CPU
		{1A49D56F-FF7F-415D-948F-7889A38D787E}.Release|Any CPU.Build.0 = Release|Any CPU
		{0E44F718-61B9-493E-BF5D-1E038AA83A68}.Debug|Any CPU.ActiveCfg = Debug|Any CPU
		{0E44F718-61B9-493E-BF5D-1E038AA83A68}.Debug|Any CPU.Build.0 = Debug|Any CPU
		{0E44F718-61B9-493E-BF5D-1E038AA83A68}.Release|Any CPU.ActiveCfg = Release|Any CPU
		{0E44F718-61B9-493E-BF5D-1E038AA83A68}.Release|Any CPU.Build.0 = Release|Any CPU
	EndGlobalSection
	GlobalSection(SolutionProperties) = preSolution
		HideSolutionNode = FALSE
	EndGlobalSection
	GlobalSection(ExtensibilityGlobals) = postSolution
		SolutionGuid = {83937699-E221-4D80-BC16-9866DE7D48D8}
	EndGlobalSection
EndGlobal
